
Microsoft Visual Studio Solution File, Format Version 12.00
# Visual Studio Version 16
VisualStudioVersion = 16.0.29519.87
MinimumVisualStudioVersion = 10.0.40219.1
Project("{FAE04EC0-301F-11D3-BF4B-00C04F79EFBC}") = "TipCalculator", "TipCalculator\TipCalculator.csproj", "{74D7EADC-DCD3-4ABE-845B-F1AEDC2E5784}"
EndProject
Global
	GlobalSection(SolutionConfigurationPlatforms) = preSolution
		Debug|Any CPU = Debug|Any CPU
		Release|Any CPU = Release|Any CPU
	EndGlobalSection
	GlobalSection(ProjectConfigurationPlatforms) = postSolution
		{74D7EADC-DCD3-4ABE-845B-F1AEDC2E5784}.Debug|Any CPU.ActiveCfg = Debug|Any CPU
		{74D7EADC-DCD3-4ABE-845B-F1AEDC2E5784}.Debug|Any CPU.Build.0 = Debug|Any CPU
		{74D7EADC-DCD3-4ABE-845B-F1AEDC2E5784}.Release|Any CPU.ActiveCfg = Release|Any CPU
		{74D7EADC-DCD3-4ABE-845B-F1AEDC2E5784}.Release|Any CPU.Build.0 = Release|Any CPU
	EndGlobalSection
	GlobalSection(SolutionProperties) = preSolution
		HideSolutionNode = FALSE
	EndGlobalSection
	GlobalSection(ExtensibilityGlobals) = postSolution
		SolutionGuid = {45FD6DDD-11BC-4E2A-85AF-3B49C1DCD10D}
	EndGlobalSection
EndGlobal
